
Microsoft Visual Studio Solution File, Format Version 12.00
# Visual Studio Version 16
VisualStudioVersion = 16.0.31911.196
MinimumVisualStudioVersion = 10.0.40219.1
Project("{FAE04EC0-301F-11D3-BF4B-00C04F79EFBC}") = "String", "String\String.csproj", "{8A3195B2-F7E4-4F4D-B84D-8085AAA86FA6}"
EndProject
Global
	GlobalSection(SolutionConfigurationPlatforms) = preSolution
		Debug|Any CPU = Debug|Any CPU
		Release|Any CPU = Release|Any CPU
	EndGlobalSection
	GlobalSection(ProjectConfigurationPlatforms) = postSolution
		{8A3195B2-F7E4-4F4D-B84D-8085AAA86FA6}.Debug|Any CPU.ActiveCfg = Debug|Any CPU
		{8A3195B2-F7E4-4F4D-B84D-8085AAA86FA6}.Debug|Any CPU.Build.0 = Debug|Any CPU
		{8A3195B2-F7E4-4F4D-B84D-8085AAA86FA6}.Release|Any CPU.ActiveCfg = Release|Any CPU
		{8A3195B2-F7E4-4F4D-B84D-8085AAA86FA6}.Release|Any CPU.Build.0 = Release|Any CPU
	EndGlobalSection
	GlobalSection(SolutionProperties) = preSolution
		HideSolutionNode = FALSE
	EndGlobalSection
	GlobalSection(ExtensibilityGlobals) = postSolution
		SolutionGuid = {686F8654-97D7-45EE-BCB8-4CF8CE07F2D6}
	EndGlobalSection
EndGlobal
